
Microsoft Visual Studio Solution File, Format Version 12.00
# Visual Studio Version 16
VisualStudioVersion = 16.0.30503.244
MinimumVisualStudioVersion = 10.0.40219.1
Project("{FAE04EC0-301F-11D3-BF4B-00C04F79EFBC}") = "DebugEight2", "DebugEight2\DebugEight2.csproj", "{85F23EA8-B65C-4A0B-97F3-55F33A569212}"
EndProject
Global
	GlobalSection(SolutionConfigurationPlatforms) = preSolution
		Debug|Any CPU = Debug|Any CPU
		Release|Any CPU = Release|Any CPU
	EndGlobalSection
	GlobalSection(ProjectConfigurationPlatforms) = postSolution
		{85F23EA8-B65C-4A0B-97F3-55F33A569212}.Debug|Any CPU.ActiveCfg = Debug|Any CPU
		{85F23EA8-B65C-4A0B-97F3-55F33A569212}.Debug|Any CPU.Build.0 = Debug|Any CPU
		{85F23EA8-B65C-4A0B-97F3-55F33A569212}.Release|Any CPU.ActiveCfg = Release|Any CPU
		{85F23EA8-B65C-4A0B-97F3-55F33A569212}.Release|Any CPU.Build.0 = Release|Any CPU
	EndGlobalSection
	GlobalSection(SolutionProperties) = preSolution
		HideSolutionNode = FALSE
	EndGlobalSection
	GlobalSection(ExtensibilityGlobals) = postSolution
		SolutionGuid = {C063B6CD-5B02-4B01-9084-0982EC80D64B}
	EndGlobalSection
EndGlobal
