
Microsoft Visual Studio Solution File, Format Version 12.00
# Visual Studio Version 16
VisualStudioVersion = 16.0.30503.244
MinimumVisualStudioVersion = 10.0.40219.1
Project("{FAE04EC0-301F-11D3-BF4B-00C04F79EFBC}") = "Page389-DemoObjectInitializer2", "Page389-DemoObjectInitializer2\Page389-DemoObjectInitializer2.csproj", "{7DCEEE1B-3B18-4EED-8545-55890582D45A}"
EndProject
Global
	GlobalSection(SolutionConfigurationPlatforms) = preSolution
		Debug|Any CPU = Debug|Any CPU
		Release|Any CPU = Release|Any CPU
	EndGlobalSection
	GlobalSection(ProjectConfigurationPlatforms) = postSolution
		{7DCEEE1B-3B18-4EED-8545-55890582D45A}.Debug|Any CPU.ActiveCfg = Debug|Any CPU
		{7DCEEE1B-3B18-4EED-8545-55890582D45A}.Debug|Any CPU.Build.0 = Debug|Any CPU
		{7DCEEE1B-3B18-4EED-8545-55890582D45A}.Release|Any CPU.ActiveCfg = Release|Any CPU
		{7DCEEE1B-3B18-4EED-8545-55890582D45A}.Release|Any CPU.Build.0 = Release|Any CPU
	EndGlobalSection
	GlobalSection(SolutionProperties) = preSolution
		HideSolutionNode = FALSE
	EndGlobalSection
	GlobalSection(ExtensibilityGlobals) = postSolution
		SolutionGuid = {D87868E9-174C-4613-9253-D8996F935A37}
	EndGlobalSection
EndGlobal
