
Microsoft Visual Studio Solution File, Format Version 12.00
# Visual Studio Version 16
VisualStudioVersion = 16.0.30907.101
MinimumVisualStudioVersion = 10.0.40219.1
Project("{FAE04EC0-301F-11D3-BF4B-00C04F79EFBC}") = "PhoneCall286", "PhoneCall286\PhoneCall286.csproj", "{1C9054ED-9791-40D5-BCF4-AE6614DF7F72}"
EndProject
Global
	GlobalSection(SolutionConfigurationPlatforms) = preSolution
		Debug|Any CPU = Debug|Any CPU
		Release|Any CPU = Release|Any CPU
	EndGlobalSection
	GlobalSection(ProjectConfigurationPlatforms) = postSolution
		{1C9054ED-9791-40D5-BCF4-AE6614DF7F72}.Debug|Any CPU.ActiveCfg = Debug|Any CPU
		{1C9054ED-9791-40D5-BCF4-AE6614DF7F72}.Debug|Any CPU.Build.0 = Debug|Any CPU
		{1C9054ED-9791-40D5-BCF4-AE6614DF7F72}.Release|Any CPU.ActiveCfg = Release|Any CPU
		{1C9054ED-9791-40D5-BCF4-AE6614DF7F72}.Release|Any CPU.Build.0 = Release|Any CPU
	EndGlobalSection
	GlobalSection(SolutionProperties) = preSolution
		HideSolutionNode = FALSE
	EndGlobalSection
	GlobalSection(ExtensibilityGlobals) = postSolution
		SolutionGuid = {50663FE6-0DC1-44EE-A204-A86B4F0225BD}
	EndGlobalSection
EndGlobal
