
Microsoft Visual Studio Solution File, Format Version 12.00
# Visual Studio Version 16
VisualStudioVersion = 16.0.30907.101
MinimumVisualStudioVersion = 10.0.40219.1
Project("{FAE04EC0-301F-11D3-BF4B-00C04F79EFBC}") = "LetterJ", "LetterJ\LetterJ.csproj", "{183787DD-5C78-4C65-B249-AAC4191A7FE8}"
EndProject
Global
	GlobalSection(SolutionConfigurationPlatforms) = preSolution
		Debug|Any CPU = Debug|Any CPU
		Release|Any CPU = Release|Any CPU
	EndGlobalSection
	GlobalSection(ProjectConfigurationPlatforms) = postSolution
		{183787DD-5C78-4C65-B249-AAC4191A7FE8}.Debug|Any CPU.ActiveCfg = Debug|Any CPU
		{183787DD-5C78-4C65-B249-AAC4191A7FE8}.Debug|Any CPU.Build.0 = Debug|Any CPU
		{183787DD-5C78-4C65-B249-AAC4191A7FE8}.Release|Any CPU.ActiveCfg = Release|Any CPU
		{183787DD-5C78-4C65-B249-AAC4191A7FE8}.Release|Any CPU.Build.0 = Release|Any CPU
	EndGlobalSection
	GlobalSection(SolutionProperties) = preSolution
		HideSolutionNode = FALSE
	EndGlobalSection
	GlobalSection(ExtensibilityGlobals) = postSolution
		SolutionGuid = {84510591-558A-463A-98AC-B382A57DA5AB}
	EndGlobalSection
EndGlobal
