
Microsoft Visual Studio Solution File, Format Version 12.00
# Visual Studio Version 16
VisualStudioVersion = 16.0.30907.101
MinimumVisualStudioVersion = 10.0.40219.1
Project("{9A19103F-16F7-4668-BE54-9A1E7A4F7556}") = "DemoCarLoan - 431", "DemoCarLoan - 431.csproj", "{06016DF7-9265-4349-AA68-DB00B802164C}"
EndProject
Global
	GlobalSection(SolutionConfigurationPlatforms) = preSolution
		Debug|Any CPU = Debug|Any CPU
		Release|Any CPU = Release|Any CPU
	EndGlobalSection
	GlobalSection(ProjectConfigurationPlatforms) = postSolution
		{06016DF7-9265-4349-AA68-DB00B802164C}.Debug|Any CPU.ActiveCfg = Debug|Any CPU
		{06016DF7-9265-4349-AA68-DB00B802164C}.Debug|Any CPU.Build.0 = Debug|Any CPU
		{06016DF7-9265-4349-AA68-DB00B802164C}.Release|Any CPU.ActiveCfg = Release|Any CPU
		{06016DF7-9265-4349-AA68-DB00B802164C}.Release|Any CPU.Build.0 = Release|Any CPU
	EndGlobalSection
	GlobalSection(SolutionProperties) = preSolution
		HideSolutionNode = FALSE
	EndGlobalSection
	GlobalSection(ExtensibilityGlobals) = postSolution
		SolutionGuid = {16190CF6-54C9-4FA7-A7CF-8F5214CDC29C}
	EndGlobalSection
EndGlobal
