
Microsoft Visual Studio Solution File, Format Version 12.00
# Visual Studio Version 16
VisualStudioVersion = 16.0.30413.136
MinimumVisualStudioVersion = 10.0.40219.1
Project("{FAE04EC0-301F-11D3-BF4B-00C04F79EFBC}") = "FourHellos_Page188", "FourHellos_Page188\FourHellos_Page188.csproj", "{889B7CF1-E93E-4826-B032-1D7E76E38E80}"
EndProject
Global
	GlobalSection(SolutionConfigurationPlatforms) = preSolution
		Debug|Any CPU = Debug|Any CPU
		Release|Any CPU = Release|Any CPU
	EndGlobalSection
	GlobalSection(ProjectConfigurationPlatforms) = postSolution
		{889B7CF1-E93E-4826-B032-1D7E76E38E80}.Debug|Any CPU.ActiveCfg = Debug|Any CPU
		{889B7CF1-E93E-4826-B032-1D7E76E38E80}.Debug|Any CPU.Build.0 = Debug|Any CPU
		{889B7CF1-E93E-4826-B032-1D7E76E38E80}.Release|Any CPU.ActiveCfg = Release|Any CPU
		{889B7CF1-E93E-4826-B032-1D7E76E38E80}.Release|Any CPU.Build.0 = Release|Any CPU
	EndGlobalSection
	GlobalSection(SolutionProperties) = preSolution
		HideSolutionNode = FALSE
	EndGlobalSection
	GlobalSection(ExtensibilityGlobals) = postSolution
		SolutionGuid = {EC64DC94-6183-4B9A-AA6D-40F6AA99C44D}
	EndGlobalSection
EndGlobal
