
Microsoft Visual Studio Solution File, Format Version 12.00
# Visual Studio Version 16
VisualStudioVersion = 16.0.31105.61
MinimumVisualStudioVersion = 10.0.40219.1
Project("{FAE04EC0-301F-11D3-BF4B-00C04F79EFBC}") = "WordsOfWisdom", "WordsOfWisdom\WordsOfWisdom.csproj", "{13F2AAB9-3D6D-4D16-8B39-2EF50EDC5D87}"
EndProject
Global
	GlobalSection(SolutionConfigurationPlatforms) = preSolution
		Debug|Any CPU = Debug|Any CPU
		Release|Any CPU = Release|Any CPU
	EndGlobalSection
	GlobalSection(ProjectConfigurationPlatforms) = postSolution
		{13F2AAB9-3D6D-4D16-8B39-2EF50EDC5D87}.Debug|Any CPU.ActiveCfg = Debug|Any CPU
		{13F2AAB9-3D6D-4D16-8B39-2EF50EDC5D87}.Debug|Any CPU.Build.0 = Debug|Any CPU
		{13F2AAB9-3D6D-4D16-8B39-2EF50EDC5D87}.Release|Any CPU.ActiveCfg = Release|Any CPU
		{13F2AAB9-3D6D-4D16-8B39-2EF50EDC5D87}.Release|Any CPU.Build.0 = Release|Any CPU
	EndGlobalSection
	GlobalSection(SolutionProperties) = preSolution
		HideSolutionNode = FALSE
	EndGlobalSection
	GlobalSection(ExtensibilityGlobals) = postSolution
		SolutionGuid = {A36AD8A9-4BE0-476B-BD39-0AAD9C2DF8C0}
	EndGlobalSection
EndGlobal
