
Microsoft Visual Studio Solution File, Format Version 12.00
# Visual Studio Version 16
VisualStudioVersion = 16.0.30907.101
MinimumVisualStudioVersion = 10.0.40219.1
Project("{9A19103F-16F7-4668-BE54-9A1E7A4F7556}") = "ExceptionOnPurpose - 489", "ExceptionOnPurpose - 489.csproj", "{59FBEEDF-E0A6-4FD1-BDB7-35A4608AF347}"
EndProject
Global
	GlobalSection(SolutionConfigurationPlatforms) = preSolution
		Debug|Any CPU = Debug|Any CPU
		Release|Any CPU = Release|Any CPU
	EndGlobalSection
	GlobalSection(ProjectConfigurationPlatforms) = postSolution
		{59FBEEDF-E0A6-4FD1-BDB7-35A4608AF347}.Debug|Any CPU.ActiveCfg = Debug|Any CPU
		{59FBEEDF-E0A6-4FD1-BDB7-35A4608AF347}.Debug|Any CPU.Build.0 = Debug|Any CPU
		{59FBEEDF-E0A6-4FD1-BDB7-35A4608AF347}.Release|Any CPU.ActiveCfg = Release|Any CPU
		{59FBEEDF-E0A6-4FD1-BDB7-35A4608AF347}.Release|Any CPU.Build.0 = Release|Any CPU
	EndGlobalSection
	GlobalSection(SolutionProperties) = preSolution
		HideSolutionNode = FALSE
	EndGlobalSection
	GlobalSection(ExtensibilityGlobals) = postSolution
		SolutionGuid = {9831FB8A-885B-47A2-9910-A58AAD001C72}
	EndGlobalSection
EndGlobal
