
Microsoft Visual Studio Solution File, Format Version 12.00
# Visual Studio Version 16
VisualStudioVersion = 16.0.30907.101
MinimumVisualStudioVersion = 10.0.40219.1
Project("{FAE04EC0-301F-11D3-BF4B-00C04F79EFBC}") = "Form1", "Form1.csproj", "{D24FB920-2017-4DCF-828F-F81D1A248156}"
EndProject
Global
	GlobalSection(SolutionConfigurationPlatforms) = preSolution
		Debug|Any CPU = Debug|Any CPU
		Release|Any CPU = Release|Any CPU
	EndGlobalSection
	GlobalSection(ProjectConfigurationPlatforms) = postSolution
		{D24FB920-2017-4DCF-828F-F81D1A248156}.Debug|Any CPU.ActiveCfg = Debug|Any CPU
		{D24FB920-2017-4DCF-828F-F81D1A248156}.Debug|Any CPU.Build.0 = Debug|Any CPU
		{D24FB920-2017-4DCF-828F-F81D1A248156}.Release|Any CPU.ActiveCfg = Release|Any CPU
		{D24FB920-2017-4DCF-828F-F81D1A248156}.Release|Any CPU.Build.0 = Release|Any CPU
	EndGlobalSection
	GlobalSection(SolutionProperties) = preSolution
		HideSolutionNode = FALSE
	EndGlobalSection
	GlobalSection(ExtensibilityGlobals) = postSolution
		SolutionGuid = {5AA7EE78-EB80-4D02-968C-0591BE5CE570}
	EndGlobalSection
EndGlobal
