
Microsoft Visual Studio Solution File, Format Version 12.00
# Visual Studio Version 16
VisualStudioVersion = 16.0.30907.101
MinimumVisualStudioVersion = 10.0.40219.1
Project("{FAE04EC0-301F-11D3-BF4B-00C04F79EFBC}") = "ThreeLinesOutput", "ThreeLinesOutput\ThreeLinesOutput.csproj", "{415B6DCD-1206-4389-8713-92731D6E67FD}"
EndProject
Global
	GlobalSection(SolutionConfigurationPlatforms) = preSolution
		Debug|Any CPU = Debug|Any CPU
		Release|Any CPU = Release|Any CPU
	EndGlobalSection
	GlobalSection(ProjectConfigurationPlatforms) = postSolution
		{415B6DCD-1206-4389-8713-92731D6E67FD}.Debug|Any CPU.ActiveCfg = Debug|Any CPU
		{415B6DCD-1206-4389-8713-92731D6E67FD}.Debug|Any CPU.Build.0 = Debug|Any CPU
		{415B6DCD-1206-4389-8713-92731D6E67FD}.Release|Any CPU.ActiveCfg = Release|Any CPU
		{415B6DCD-1206-4389-8713-92731D6E67FD}.Release|Any CPU.Build.0 = Release|Any CPU
	EndGlobalSection
	GlobalSection(SolutionProperties) = preSolution
		HideSolutionNode = FALSE
	EndGlobalSection
	GlobalSection(ExtensibilityGlobals) = postSolution
		SolutionGuid = {A483E627-F255-4E8D-B426-D9AF715A6FDB}
	EndGlobalSection
EndGlobal
