
Microsoft Visual Studio Solution File, Format Version 12.00
# Visual Studio 15
VisualStudioVersion = 15.0.26730.16
MinimumVisualStudioVersion = 10.0.40219.1
Project("{FAE04EC0-301F-11D3-BF4B-00C04F79EFBC}") = "HelpEnumeration", "HelpEnumeration\HelpEnumeration.csproj", "{141AD2FF-D819-4677-BA7D-423EB3E9E838}"
EndProject
Global
	GlobalSection(SolutionConfigurationPlatforms) = preSolution
		Debug|Any CPU = Debug|Any CPU
		Release|Any CPU = Release|Any CPU
	EndGlobalSection
	GlobalSection(ProjectConfigurationPlatforms) = postSolution
		{141AD2FF-D819-4677-BA7D-423EB3E9E838}.Debug|Any CPU.ActiveCfg = Debug|Any CPU
		{141AD2FF-D819-4677-BA7D-423EB3E9E838}.Debug|Any CPU.Build.0 = Debug|Any CPU
		{141AD2FF-D819-4677-BA7D-423EB3E9E838}.Release|Any CPU.ActiveCfg = Release|Any CPU
		{141AD2FF-D819-4677-BA7D-423EB3E9E838}.Release|Any CPU.Build.0 = Release|Any CPU
	EndGlobalSection
	GlobalSection(SolutionProperties) = preSolution
		HideSolutionNode = FALSE
	EndGlobalSection
	GlobalSection(ExtensibilityGlobals) = postSolution
		SolutionGuid = {AB8F570E-2F91-45B8-9910-100A56600643}
	EndGlobalSection
EndGlobal
