
Microsoft Visual Studio Solution File, Format Version 12.00
# Visual Studio Version 16
VisualStudioVersion = 16.0.30907.101
MinimumVisualStudioVersion = 10.0.40219.1
Project("{9A19103F-16F7-4668-BE54-9A1E7A4F7556}") = "CookieDemoArray", "CookieDemoArray.csproj", "{D4E7AA8C-E1F0-49D4-BD98-C7AF904DB8AE}"
EndProject
Global
	GlobalSection(SolutionConfigurationPlatforms) = preSolution
		Debug|Any CPU = Debug|Any CPU
		Release|Any CPU = Release|Any CPU
	EndGlobalSection
	GlobalSection(ProjectConfigurationPlatforms) = postSolution
		{D4E7AA8C-E1F0-49D4-BD98-C7AF904DB8AE}.Debug|Any CPU.ActiveCfg = Debug|Any CPU
		{D4E7AA8C-E1F0-49D4-BD98-C7AF904DB8AE}.Debug|Any CPU.Build.0 = Debug|Any CPU
		{D4E7AA8C-E1F0-49D4-BD98-C7AF904DB8AE}.Release|Any CPU.ActiveCfg = Release|Any CPU
		{D4E7AA8C-E1F0-49D4-BD98-C7AF904DB8AE}.Release|Any CPU.Build.0 = Release|Any CPU
	EndGlobalSection
	GlobalSection(SolutionProperties) = preSolution
		HideSolutionNode = FALSE
	EndGlobalSection
	GlobalSection(ExtensibilityGlobals) = postSolution
		SolutionGuid = {8E187DB2-975B-4FB3-90D4-FEE73FC9B15C}
	EndGlobalSection
EndGlobal
