
Microsoft Visual Studio Solution File, Format Version 12.00
# Visual Studio Version 16
VisualStudioVersion = 16.0.30413.136
MinimumVisualStudioVersion = 10.0.40219.1
Project("{FAE04EC0-301F-11D3-BF4B-00C04F79EFBC}") = "TotalPurchase_Page207", "TotalPurchase_Page207\TotalPurchase_Page207.csproj", "{0E1041DB-80A5-4470-85E9-23BAB32A9511}"
EndProject
Global
	GlobalSection(SolutionConfigurationPlatforms) = preSolution
		Debug|Any CPU = Debug|Any CPU
		Release|Any CPU = Release|Any CPU
	EndGlobalSection
	GlobalSection(ProjectConfigurationPlatforms) = postSolution
		{0E1041DB-80A5-4470-85E9-23BAB32A9511}.Debug|Any CPU.ActiveCfg = Debug|Any CPU
		{0E1041DB-80A5-4470-85E9-23BAB32A9511}.Debug|Any CPU.Build.0 = Debug|Any CPU
		{0E1041DB-80A5-4470-85E9-23BAB32A9511}.Release|Any CPU.ActiveCfg = Release|Any CPU
		{0E1041DB-80A5-4470-85E9-23BAB32A9511}.Release|Any CPU.Build.0 = Release|Any CPU
	EndGlobalSection
	GlobalSection(SolutionProperties) = preSolution
		HideSolutionNode = FALSE
	EndGlobalSection
	GlobalSection(ExtensibilityGlobals) = postSolution
		SolutionGuid = {54E219C4-559E-40EE-9051-EB32A73B5A35}
	EndGlobalSection
EndGlobal
