
Microsoft Visual Studio Solution File, Format Version 12.00
# Visual Studio Version 16
VisualStudioVersion = 16.0.30907.101
MinimumVisualStudioVersion = 10.0.40219.1
Project("{9A19103F-16F7-4668-BE54-9A1E7A4F7556}") = "CreateStudents", "CreateStudents.csproj", "{4C6C3CC3-156A-425E-80EE-FE53C109B595}"
EndProject
Global
	GlobalSection(SolutionConfigurationPlatforms) = preSolution
		Debug|Any CPU = Debug|Any CPU
		Release|Any CPU = Release|Any CPU
	EndGlobalSection
	GlobalSection(ProjectConfigurationPlatforms) = postSolution
		{4C6C3CC3-156A-425E-80EE-FE53C109B595}.Debug|Any CPU.ActiveCfg = Debug|Any CPU
		{4C6C3CC3-156A-425E-80EE-FE53C109B595}.Debug|Any CPU.Build.0 = Debug|Any CPU
		{4C6C3CC3-156A-425E-80EE-FE53C109B595}.Release|Any CPU.ActiveCfg = Release|Any CPU
		{4C6C3CC3-156A-425E-80EE-FE53C109B595}.Release|Any CPU.Build.0 = Release|Any CPU
	EndGlobalSection
	GlobalSection(SolutionProperties) = preSolution
		HideSolutionNode = FALSE
	EndGlobalSection
	GlobalSection(ExtensibilityGlobals) = postSolution
		SolutionGuid = {F302FA77-82B9-4E59-B327-4BBE41C3D1D2}
	EndGlobalSection
EndGlobal
