
Microsoft Visual Studio Solution File, Format Version 12.00
# Visual Studio Version 16
VisualStudioVersion = 16.0.30503.244
MinimumVisualStudioVersion = 10.0.40219.1
Project("{FAE04EC0-301F-11D3-BF4B-00C04F79EFBC}") = "DebugNine3", "DebugNine3\DebugNine3.csproj", "{206711E6-C2F6-45A4-9A8A-90B352293F04}"
EndProject
Global
	GlobalSection(SolutionConfigurationPlatforms) = preSolution
		Debug|Any CPU = Debug|Any CPU
		Release|Any CPU = Release|Any CPU
	EndGlobalSection
	GlobalSection(ProjectConfigurationPlatforms) = postSolution
		{206711E6-C2F6-45A4-9A8A-90B352293F04}.Debug|Any CPU.ActiveCfg = Debug|Any CPU
		{206711E6-C2F6-45A4-9A8A-90B352293F04}.Debug|Any CPU.Build.0 = Debug|Any CPU
		{206711E6-C2F6-45A4-9A8A-90B352293F04}.Release|Any CPU.ActiveCfg = Release|Any CPU
		{206711E6-C2F6-45A4-9A8A-90B352293F04}.Release|Any CPU.Build.0 = Release|Any CPU
	EndGlobalSection
	GlobalSection(SolutionProperties) = preSolution
		HideSolutionNode = FALSE
	EndGlobalSection
	GlobalSection(ExtensibilityGlobals) = postSolution
		SolutionGuid = {ADCD9150-8713-4DFB-8A67-E4716501D84B}
	EndGlobalSection
EndGlobal
