
Microsoft Visual Studio Solution File, Format Version 12.00
# Visual Studio Version 16
VisualStudioVersion = 16.0.30907.101
MinimumVisualStudioVersion = 10.0.40219.1
Project("{9A19103F-16F7-4668-BE54-9A1E7A4F7556}") = "CreateStudent2", "CreateStudent2.csproj", "{C6453DC1-AC0D-4FF4-B980-23B96080C724}"
EndProject
Global
	GlobalSection(SolutionConfigurationPlatforms) = preSolution
		Debug|Any CPU = Debug|Any CPU
		Release|Any CPU = Release|Any CPU
	EndGlobalSection
	GlobalSection(ProjectConfigurationPlatforms) = postSolution
		{C6453DC1-AC0D-4FF4-B980-23B96080C724}.Debug|Any CPU.ActiveCfg = Debug|Any CPU
		{C6453DC1-AC0D-4FF4-B980-23B96080C724}.Debug|Any CPU.Build.0 = Debug|Any CPU
		{C6453DC1-AC0D-4FF4-B980-23B96080C724}.Release|Any CPU.ActiveCfg = Release|Any CPU
		{C6453DC1-AC0D-4FF4-B980-23B96080C724}.Release|Any CPU.Build.0 = Release|Any CPU
	EndGlobalSection
	GlobalSection(SolutionProperties) = preSolution
		HideSolutionNode = FALSE
	EndGlobalSection
	GlobalSection(ExtensibilityGlobals) = postSolution
		SolutionGuid = {3CA3C1B9-EBB6-40E9-BEA1-952D49728081}
	EndGlobalSection
EndGlobal
