
Microsoft Visual Studio Solution File, Format Version 12.00
# Visual Studio Version 16
VisualStudioVersion = 16.0.30907.101
MinimumVisualStudioVersion = 10.0.40219.1
Project("{9A19103F-16F7-4668-BE54-9A1E7A4F7556}") = "DemoLoan - 430", "DemoLoan - 430.csproj", "{2F880437-3AD2-4EDD-8392-2AEC5F6B49BE}"
EndProject
Global
	GlobalSection(SolutionConfigurationPlatforms) = preSolution
		Debug|Any CPU = Debug|Any CPU
		Release|Any CPU = Release|Any CPU
	EndGlobalSection
	GlobalSection(ProjectConfigurationPlatforms) = postSolution
		{2F880437-3AD2-4EDD-8392-2AEC5F6B49BE}.Debug|Any CPU.ActiveCfg = Debug|Any CPU
		{2F880437-3AD2-4EDD-8392-2AEC5F6B49BE}.Debug|Any CPU.Build.0 = Debug|Any CPU
		{2F880437-3AD2-4EDD-8392-2AEC5F6B49BE}.Release|Any CPU.ActiveCfg = Release|Any CPU
		{2F880437-3AD2-4EDD-8392-2AEC5F6B49BE}.Release|Any CPU.Build.0 = Release|Any CPU
	EndGlobalSection
	GlobalSection(SolutionProperties) = preSolution
		HideSolutionNode = FALSE
	EndGlobalSection
	GlobalSection(ExtensibilityGlobals) = postSolution
		SolutionGuid = {3FE23FB0-9A38-4CF6-ADCF-27E5016232F2}
	EndGlobalSection
EndGlobal
