
Microsoft Visual Studio Solution File, Format Version 12.00
# Visual Studio Version 16
VisualStudioVersion = 16.0.30907.101
MinimumVisualStudioVersion = 10.0.40219.1
Project("{9A19103F-16F7-4668-BE54-9A1E7A4F7556}") = "SubscriptException", "SubscriptException.csproj", "{340715DE-C874-4FF5-812E-CD44D8528499}"
EndProject
Global
	GlobalSection(SolutionConfigurationPlatforms) = preSolution
		Debug|Any CPU = Debug|Any CPU
		Release|Any CPU = Release|Any CPU
	EndGlobalSection
	GlobalSection(ProjectConfigurationPlatforms) = postSolution
		{340715DE-C874-4FF5-812E-CD44D8528499}.Debug|Any CPU.ActiveCfg = Debug|Any CPU
		{340715DE-C874-4FF5-812E-CD44D8528499}.Debug|Any CPU.Build.0 = Debug|Any CPU
		{340715DE-C874-4FF5-812E-CD44D8528499}.Release|Any CPU.ActiveCfg = Release|Any CPU
		{340715DE-C874-4FF5-812E-CD44D8528499}.Release|Any CPU.Build.0 = Release|Any CPU
	EndGlobalSection
	GlobalSection(SolutionProperties) = preSolution
		HideSolutionNode = FALSE
	EndGlobalSection
	GlobalSection(ExtensibilityGlobals) = postSolution
		SolutionGuid = {B6F81BDD-5C19-4C51-9172-3794D769A43A}
	EndGlobalSection
EndGlobal
