
Microsoft Visual Studio Solution File, Format Version 12.00
# Visual Studio Version 16
VisualStudioVersion = 16.0.808.8
MinimumVisualStudioVersion = 10.0.40219.1
Project("{FAE04EC0-301F-11D3-BF4B-00C04F79EFBC}") = "AdmissionModularized", "AdmissionModularized\AdmissionModularized.csproj", "{1F3E6229-C4EE-40D5-9988-A1D2D0D6E695}"
EndProject
Global
	GlobalSection(SolutionConfigurationPlatforms) = preSolution
		Debug|Any CPU = Debug|Any CPU
		Release|Any CPU = Release|Any CPU
	EndGlobalSection
	GlobalSection(ProjectConfigurationPlatforms) = postSolution
		{1F3E6229-C4EE-40D5-9988-A1D2D0D6E695}.Debug|Any CPU.ActiveCfg = Debug|Any CPU
		{1F3E6229-C4EE-40D5-9988-A1D2D0D6E695}.Debug|Any CPU.Build.0 = Debug|Any CPU
		{1F3E6229-C4EE-40D5-9988-A1D2D0D6E695}.Release|Any CPU.ActiveCfg = Release|Any CPU
		{1F3E6229-C4EE-40D5-9988-A1D2D0D6E695}.Release|Any CPU.Build.0 = Release|Any CPU
	EndGlobalSection
	GlobalSection(SolutionProperties) = preSolution
		HideSolutionNode = FALSE
	EndGlobalSection
	GlobalSection(ExtensibilityGlobals) = postSolution
		SolutionGuid = {6C918C95-FAEA-46DD-ADF0-C9C56F6CDA86}
	EndGlobalSection
EndGlobal
