
Microsoft Visual Studio Solution File, Format Version 12.00
# Visual Studio Version 16
VisualStudioVersion = 16.0.30907.101
MinimumVisualStudioVersion = 10.0.40219.1
Project("{FAE04EC0-301F-11D3-BF4B-00C04F79EFBC}") = "LectureCreditScore", "LectureCreditScore\LectureCreditScore.csproj", "{38FFE4AE-DBBC-464A-BBEF-A219FA1E43C5}"
EndProject
Global
	GlobalSection(SolutionConfigurationPlatforms) = preSolution
		Debug|Any CPU = Debug|Any CPU
		Release|Any CPU = Release|Any CPU
	EndGlobalSection
	GlobalSection(ProjectConfigurationPlatforms) = postSolution
		{38FFE4AE-DBBC-464A-BBEF-A219FA1E43C5}.Debug|Any CPU.ActiveCfg = Debug|Any CPU
		{38FFE4AE-DBBC-464A-BBEF-A219FA1E43C5}.Debug|Any CPU.Build.0 = Debug|Any CPU
		{38FFE4AE-DBBC-464A-BBEF-A219FA1E43C5}.Release|Any CPU.ActiveCfg = Release|Any CPU
		{38FFE4AE-DBBC-464A-BBEF-A219FA1E43C5}.Release|Any CPU.Build.0 = Release|Any CPU
	EndGlobalSection
	GlobalSection(SolutionProperties) = preSolution
		HideSolutionNode = FALSE
	EndGlobalSection
	GlobalSection(ExtensibilityGlobals) = postSolution
		SolutionGuid = {7AAA43F2-B06F-47CC-AB7A-76FBEBE0DC81}
	EndGlobalSection
EndGlobal
