
Microsoft Visual Studio Solution File, Format Version 12.00
# Visual Studio Version 16
VisualStudioVersion = 16.0.30907.101
MinimumVisualStudioVersion = 10.0.40219.1
Project("{FAE04EC0-301F-11D3-BF4B-00C04F79EFBC}") = "DailyTemps", "DailyTemps\DailyTemps.csproj", "{7CD0928B-9DEF-4B6D-916C-589AADD27295}"
EndProject
Global
	GlobalSection(SolutionConfigurationPlatforms) = preSolution
		Debug|Any CPU = Debug|Any CPU
		Release|Any CPU = Release|Any CPU
	EndGlobalSection
	GlobalSection(ProjectConfigurationPlatforms) = postSolution
		{7CD0928B-9DEF-4B6D-916C-589AADD27295}.Debug|Any CPU.ActiveCfg = Debug|Any CPU
		{7CD0928B-9DEF-4B6D-916C-589AADD27295}.Debug|Any CPU.Build.0 = Debug|Any CPU
		{7CD0928B-9DEF-4B6D-916C-589AADD27295}.Release|Any CPU.ActiveCfg = Release|Any CPU
		{7CD0928B-9DEF-4B6D-916C-589AADD27295}.Release|Any CPU.Build.0 = Release|Any CPU
	EndGlobalSection
	GlobalSection(SolutionProperties) = preSolution
		HideSolutionNode = FALSE
	EndGlobalSection
	GlobalSection(ExtensibilityGlobals) = postSolution
		SolutionGuid = {6B07DE62-0806-4F1B-BF79-D5A918E61E73}
	EndGlobalSection
EndGlobal
