
Microsoft Visual Studio Solution File, Format Version 12.00
# Visual Studio Version 16
VisualStudioVersion = 16.0.30503.244
MinimumVisualStudioVersion = 10.0.40219.1
Project("{FAE04EC0-301F-11D3-BF4B-00C04F79EFBC}") = "DebugEight01", "DebugEight01\DebugEight01.csproj", "{A8433DB2-6F2C-4CE8-BFB4-AD524D82DF3B}"
EndProject
Global
	GlobalSection(SolutionConfigurationPlatforms) = preSolution
		Debug|Any CPU = Debug|Any CPU
		Release|Any CPU = Release|Any CPU
	EndGlobalSection
	GlobalSection(ProjectConfigurationPlatforms) = postSolution
		{A8433DB2-6F2C-4CE8-BFB4-AD524D82DF3B}.Debug|Any CPU.ActiveCfg = Debug|Any CPU
		{A8433DB2-6F2C-4CE8-BFB4-AD524D82DF3B}.Debug|Any CPU.Build.0 = Debug|Any CPU
		{A8433DB2-6F2C-4CE8-BFB4-AD524D82DF3B}.Release|Any CPU.ActiveCfg = Release|Any CPU
		{A8433DB2-6F2C-4CE8-BFB4-AD524D82DF3B}.Release|Any CPU.Build.0 = Release|Any CPU
	EndGlobalSection
	GlobalSection(SolutionProperties) = preSolution
		HideSolutionNode = FALSE
	EndGlobalSection
	GlobalSection(ExtensibilityGlobals) = postSolution
		SolutionGuid = {6B1BA3AC-712D-44D5-B616-BC21199278D3}
	EndGlobalSection
EndGlobal
