
Microsoft Visual Studio Solution File, Format Version 12.00
# Visual Studio Version 16
VisualStudioVersion = 16.0.30907.101
MinimumVisualStudioVersion = 10.0.40219.1
Project("{9A19103F-16F7-4668-BE54-9A1E7A4F7556}") = "SwimmingWaterTemperature", "SwimmingWaterTemperature.csproj", "{77E33631-CD57-4729-86D7-4C32310B32D2}"
EndProject
Global
	GlobalSection(SolutionConfigurationPlatforms) = preSolution
		Debug|Any CPU = Debug|Any CPU
		Release|Any CPU = Release|Any CPU
	EndGlobalSection
	GlobalSection(ProjectConfigurationPlatforms) = postSolution
		{77E33631-CD57-4729-86D7-4C32310B32D2}.Debug|Any CPU.ActiveCfg = Debug|Any CPU
		{77E33631-CD57-4729-86D7-4C32310B32D2}.Debug|Any CPU.Build.0 = Debug|Any CPU
		{77E33631-CD57-4729-86D7-4C32310B32D2}.Release|Any CPU.ActiveCfg = Release|Any CPU
		{77E33631-CD57-4729-86D7-4C32310B32D2}.Release|Any CPU.Build.0 = Release|Any CPU
	EndGlobalSection
	GlobalSection(SolutionProperties) = preSolution
		HideSolutionNode = FALSE
	EndGlobalSection
	GlobalSection(ExtensibilityGlobals) = postSolution
		SolutionGuid = {1C513110-4A3F-45D4-9953-F946B59044C9}
	EndGlobalSection
EndGlobal
