
Microsoft Visual Studio Solution File, Format Version 12.00
# Visual Studio Version 16
VisualStudioVersion = 16.0.808.8
MinimumVisualStudioVersion = 10.0.40219.1
Project("{FAE04EC0-301F-11D3-BF4B-00C04F79EFBC}") = "PaintingEstimate", "PaintingEstimate\PaintingEstimate.csproj", "{04D0872F-4BB1-425E-A87B-3E1BF91EB70D}"
EndProject
Global
	GlobalSection(SolutionConfigurationPlatforms) = preSolution
		Debug|Any CPU = Debug|Any CPU
		Release|Any CPU = Release|Any CPU
	EndGlobalSection
	GlobalSection(ProjectConfigurationPlatforms) = postSolution
		{04D0872F-4BB1-425E-A87B-3E1BF91EB70D}.Debug|Any CPU.ActiveCfg = Debug|Any CPU
		{04D0872F-4BB1-425E-A87B-3E1BF91EB70D}.Debug|Any CPU.Build.0 = Debug|Any CPU
		{04D0872F-4BB1-425E-A87B-3E1BF91EB70D}.Release|Any CPU.ActiveCfg = Release|Any CPU
		{04D0872F-4BB1-425E-A87B-3E1BF91EB70D}.Release|Any CPU.Build.0 = Release|Any CPU
	EndGlobalSection
	GlobalSection(SolutionProperties) = preSolution
		HideSolutionNode = FALSE
	EndGlobalSection
	GlobalSection(ExtensibilityGlobals) = postSolution
		SolutionGuid = {DBDC7FF1-9313-4BE4-8B90-E2287E0B678E}
	EndGlobalSection
EndGlobal
