
Microsoft Visual Studio Solution File, Format Version 12.00
# Visual Studio Version 16
VisualStudioVersion = 16.0.30907.101
MinimumVisualStudioVersion = 10.0.40219.1
Project("{9A19103F-16F7-4668-BE54-9A1E7A4F7556}") = "OverloadedTriples328", "OverloadedTriples328.csproj", "{028212AF-3A96-4C04-BA9F-880371A11943}"
EndProject
Global
	GlobalSection(SolutionConfigurationPlatforms) = preSolution
		Debug|Any CPU = Debug|Any CPU
		Release|Any CPU = Release|Any CPU
	EndGlobalSection
	GlobalSection(ProjectConfigurationPlatforms) = postSolution
		{028212AF-3A96-4C04-BA9F-880371A11943}.Debug|Any CPU.ActiveCfg = Debug|Any CPU
		{028212AF-3A96-4C04-BA9F-880371A11943}.Debug|Any CPU.Build.0 = Debug|Any CPU
		{028212AF-3A96-4C04-BA9F-880371A11943}.Release|Any CPU.ActiveCfg = Release|Any CPU
		{028212AF-3A96-4C04-BA9F-880371A11943}.Release|Any CPU.Build.0 = Release|Any CPU
	EndGlobalSection
	GlobalSection(SolutionProperties) = preSolution
		HideSolutionNode = FALSE
	EndGlobalSection
	GlobalSection(ExtensibilityGlobals) = postSolution
		SolutionGuid = {E5C8B32A-D374-4EBE-813D-876DB9700808}
	EndGlobalSection
EndGlobal
