
Microsoft Visual Studio Solution File, Format Version 12.00
# Visual Studio Version 16
VisualStudioVersion = 16.0.30907.101
MinimumVisualStudioVersion = 10.0.40219.1
Project("{FAE04EC0-301F-11D3-BF4B-00C04F79EFBC}") = "CheckCredit", "CheckCredit\CheckCredit.csproj", "{BF90373A-BD64-4B8A-B257-8C3FE89B0E66}"
EndProject
Global
	GlobalSection(SolutionConfigurationPlatforms) = preSolution
		Debug|Any CPU = Debug|Any CPU
		Release|Any CPU = Release|Any CPU
	EndGlobalSection
	GlobalSection(ProjectConfigurationPlatforms) = postSolution
		{BF90373A-BD64-4B8A-B257-8C3FE89B0E66}.Debug|Any CPU.ActiveCfg = Debug|Any CPU
		{BF90373A-BD64-4B8A-B257-8C3FE89B0E66}.Debug|Any CPU.Build.0 = Debug|Any CPU
		{BF90373A-BD64-4B8A-B257-8C3FE89B0E66}.Release|Any CPU.ActiveCfg = Release|Any CPU
		{BF90373A-BD64-4B8A-B257-8C3FE89B0E66}.Release|Any CPU.Build.0 = Release|Any CPU
	EndGlobalSection
	GlobalSection(SolutionProperties) = preSolution
		HideSolutionNode = FALSE
	EndGlobalSection
	GlobalSection(ExtensibilityGlobals) = postSolution
		SolutionGuid = {0AC36E2D-CD9C-408A-A024-569A62F0DE22}
	EndGlobalSection
EndGlobal
