
Microsoft Visual Studio Solution File, Format Version 12.00
# Visual Studio Version 16
VisualStudioVersion = 16.0.30907.101
MinimumVisualStudioVersion = 10.0.40219.1
Project("{FAE04EC0-301F-11D3-BF4B-00C04F79EFBC}") = "SumFiveInts", "SumFiveInts\SumFiveInts.csproj", "{753B2EA0-1CCE-43ED-9F21-98AF1BFEC541}"
EndProject
Global
	GlobalSection(SolutionConfigurationPlatforms) = preSolution
		Debug|Any CPU = Debug|Any CPU
		Release|Any CPU = Release|Any CPU
	EndGlobalSection
	GlobalSection(ProjectConfigurationPlatforms) = postSolution
		{753B2EA0-1CCE-43ED-9F21-98AF1BFEC541}.Debug|Any CPU.ActiveCfg = Debug|Any CPU
		{753B2EA0-1CCE-43ED-9F21-98AF1BFEC541}.Debug|Any CPU.Build.0 = Debug|Any CPU
		{753B2EA0-1CCE-43ED-9F21-98AF1BFEC541}.Release|Any CPU.ActiveCfg = Release|Any CPU
		{753B2EA0-1CCE-43ED-9F21-98AF1BFEC541}.Release|Any CPU.Build.0 = Release|Any CPU
	EndGlobalSection
	GlobalSection(SolutionProperties) = preSolution
		HideSolutionNode = FALSE
	EndGlobalSection
	GlobalSection(ExtensibilityGlobals) = postSolution
		SolutionGuid = {DCF28C82-190E-4C14-BDD1-DE6571390E47}
	EndGlobalSection
EndGlobal
