
Microsoft Visual Studio Solution File, Format Version 12.00
# Visual Studio Version 16
VisualStudioVersion = 16.0.30907.101
MinimumVisualStudioVersion = 10.0.40219.1
Project("{FAE04EC0-301F-11D3-BF4B-00C04F79EFBC}") = "Comments", "Comments\Comments.csproj", "{7FAF12F7-EAC4-48C2-BE10-1280FF4E2212}"
EndProject
Global
	GlobalSection(SolutionConfigurationPlatforms) = preSolution
		Debug|Any CPU = Debug|Any CPU
		Release|Any CPU = Release|Any CPU
	EndGlobalSection
	GlobalSection(ProjectConfigurationPlatforms) = postSolution
		{7FAF12F7-EAC4-48C2-BE10-1280FF4E2212}.Debug|Any CPU.ActiveCfg = Debug|Any CPU
		{7FAF12F7-EAC4-48C2-BE10-1280FF4E2212}.Debug|Any CPU.Build.0 = Debug|Any CPU
		{7FAF12F7-EAC4-48C2-BE10-1280FF4E2212}.Release|Any CPU.ActiveCfg = Release|Any CPU
		{7FAF12F7-EAC4-48C2-BE10-1280FF4E2212}.Release|Any CPU.Build.0 = Release|Any CPU
	EndGlobalSection
	GlobalSection(SolutionProperties) = preSolution
		HideSolutionNode = FALSE
	EndGlobalSection
	GlobalSection(ExtensibilityGlobals) = postSolution
		SolutionGuid = {2A360F69-8C20-440A-B28B-AF224ACC769F}
	EndGlobalSection
EndGlobal
