
Microsoft Visual Studio Solution File, Format Version 12.00
# Visual Studio Version 16
VisualStudioVersion = 16.0.30907.101
MinimumVisualStudioVersion = 10.0.40219.1
Project("{FAE04EC0-301F-11D3-BF4B-00C04F79EFBC}") = "CookieDemoErrorHandling", "CookieDemoErrorHandling\CookieDemoErrorHandling.csproj", "{1BA0EB8F-568D-443F-913C-AB030ADFA555}"
EndProject
Global
	GlobalSection(SolutionConfigurationPlatforms) = preSolution
		Debug|Any CPU = Debug|Any CPU
		Release|Any CPU = Release|Any CPU
	EndGlobalSection
	GlobalSection(ProjectConfigurationPlatforms) = postSolution
		{1BA0EB8F-568D-443F-913C-AB030ADFA555}.Debug|Any CPU.ActiveCfg = Debug|Any CPU
		{1BA0EB8F-568D-443F-913C-AB030ADFA555}.Debug|Any CPU.Build.0 = Debug|Any CPU
		{1BA0EB8F-568D-443F-913C-AB030ADFA555}.Release|Any CPU.ActiveCfg = Release|Any CPU
		{1BA0EB8F-568D-443F-913C-AB030ADFA555}.Release|Any CPU.Build.0 = Release|Any CPU
	EndGlobalSection
	GlobalSection(SolutionProperties) = preSolution
		HideSolutionNode = FALSE
	EndGlobalSection
	GlobalSection(ExtensibilityGlobals) = postSolution
		SolutionGuid = {51B12100-7535-40FF-8D17-3242C703046B}
	EndGlobalSection
EndGlobal
