
Microsoft Visual Studio Solution File, Format Version 12.00
# Visual Studio Version 16
VisualStudioVersion = 16.0.30907.101
MinimumVisualStudioVersion = 10.0.40219.1
Project("{FAE04EC0-301F-11D3-BF4B-00C04F79EFBC}") = "TestScoreList", "TestScoreList\TestScoreList.csproj", "{35E6E8A1-C9DE-49F9-9BFA-9828D752ACE9}"
EndProject
Global
	GlobalSection(SolutionConfigurationPlatforms) = preSolution
		Debug|Any CPU = Debug|Any CPU
		Release|Any CPU = Release|Any CPU
	EndGlobalSection
	GlobalSection(ProjectConfigurationPlatforms) = postSolution
		{35E6E8A1-C9DE-49F9-9BFA-9828D752ACE9}.Debug|Any CPU.ActiveCfg = Debug|Any CPU
		{35E6E8A1-C9DE-49F9-9BFA-9828D752ACE9}.Debug|Any CPU.Build.0 = Debug|Any CPU
		{35E6E8A1-C9DE-49F9-9BFA-9828D752ACE9}.Release|Any CPU.ActiveCfg = Release|Any CPU
		{35E6E8A1-C9DE-49F9-9BFA-9828D752ACE9}.Release|Any CPU.Build.0 = Release|Any CPU
	EndGlobalSection
	GlobalSection(SolutionProperties) = preSolution
		HideSolutionNode = FALSE
	EndGlobalSection
	GlobalSection(ExtensibilityGlobals) = postSolution
		SolutionGuid = {0A888155-CDD5-4924-9BD9-82BAAF6957E5}
	EndGlobalSection
EndGlobal
