
Microsoft Visual Studio Solution File, Format Version 12.00
# Visual Studio Version 16
VisualStudioVersion = 16.0.808.8
MinimumVisualStudioVersion = 10.0.40219.1
Project("{FAE04EC0-301F-11D3-BF4B-00C04F79EFBC}") = "ConvertMilesToKilometers", "ConvertMilesToKilometers\ConvertMilesToKilometers.csproj", "{0A21D9DF-0756-40CB-A964-5C0EB6FF456D}"
EndProject
Global
	GlobalSection(SolutionConfigurationPlatforms) = preSolution
		Debug|Any CPU = Debug|Any CPU
		Release|Any CPU = Release|Any CPU
	EndGlobalSection
	GlobalSection(ProjectConfigurationPlatforms) = postSolution
		{0A21D9DF-0756-40CB-A964-5C0EB6FF456D}.Debug|Any CPU.ActiveCfg = Debug|Any CPU
		{0A21D9DF-0756-40CB-A964-5C0EB6FF456D}.Debug|Any CPU.Build.0 = Debug|Any CPU
		{0A21D9DF-0756-40CB-A964-5C0EB6FF456D}.Release|Any CPU.ActiveCfg = Release|Any CPU
		{0A21D9DF-0756-40CB-A964-5C0EB6FF456D}.Release|Any CPU.Build.0 = Release|Any CPU
	EndGlobalSection
	GlobalSection(SolutionProperties) = preSolution
		HideSolutionNode = FALSE
	EndGlobalSection
	GlobalSection(ExtensibilityGlobals) = postSolution
		SolutionGuid = {201E09CE-DAE6-4446-B788-55243F0F48D6}
	EndGlobalSection
EndGlobal
