
Microsoft Visual Studio Solution File, Format Version 12.00
# Visual Studio Version 16
VisualStudioVersion = 16.0.30907.101
MinimumVisualStudioVersion = 10.0.40219.1
Project("{9A19103F-16F7-4668-BE54-9A1E7A4F7556}") = "JobDemo", "JobDemo.csproj", "{C5EEC313-5496-40BD-B186-3BD034738805}"
EndProject
Global
	GlobalSection(SolutionConfigurationPlatforms) = preSolution
		Debug|Any CPU = Debug|Any CPU
		Release|Any CPU = Release|Any CPU
	EndGlobalSection
	GlobalSection(ProjectConfigurationPlatforms) = postSolution
		{C5EEC313-5496-40BD-B186-3BD034738805}.Debug|Any CPU.ActiveCfg = Debug|Any CPU
		{C5EEC313-5496-40BD-B186-3BD034738805}.Debug|Any CPU.Build.0 = Debug|Any CPU
		{C5EEC313-5496-40BD-B186-3BD034738805}.Release|Any CPU.ActiveCfg = Release|Any CPU
		{C5EEC313-5496-40BD-B186-3BD034738805}.Release|Any CPU.Build.0 = Release|Any CPU
	EndGlobalSection
	GlobalSection(SolutionProperties) = preSolution
		HideSolutionNode = FALSE
	EndGlobalSection
	GlobalSection(ExtensibilityGlobals) = postSolution
		SolutionGuid = {63F2BB98-413F-4E82-8452-4D8149C23339}
	EndGlobalSection
EndGlobal
