
Microsoft Visual Studio Solution File, Format Version 12.00
# Visual Studio Version 16
VisualStudioVersion = 16.0.30413.136
MinimumVisualStudioVersion = 10.0.40219.1
Project("{FAE04EC0-301F-11D3-BF4B-00C04F79EFBC}") = "DebugFive3", "DebugFive3\DebugFive3.csproj", "{440BE939-CEB6-4A23-B64D-14DCA2667F15}"
EndProject
Global
	GlobalSection(SolutionConfigurationPlatforms) = preSolution
		Debug|Any CPU = Debug|Any CPU
		Release|Any CPU = Release|Any CPU
	EndGlobalSection
	GlobalSection(ProjectConfigurationPlatforms) = postSolution
		{440BE939-CEB6-4A23-B64D-14DCA2667F15}.Debug|Any CPU.ActiveCfg = Debug|Any CPU
		{440BE939-CEB6-4A23-B64D-14DCA2667F15}.Debug|Any CPU.Build.0 = Debug|Any CPU
		{440BE939-CEB6-4A23-B64D-14DCA2667F15}.Release|Any CPU.ActiveCfg = Release|Any CPU
		{440BE939-CEB6-4A23-B64D-14DCA2667F15}.Release|Any CPU.Build.0 = Release|Any CPU
	EndGlobalSection
	GlobalSection(SolutionProperties) = preSolution
		HideSolutionNode = FALSE
	EndGlobalSection
	GlobalSection(ExtensibilityGlobals) = postSolution
		SolutionGuid = {52706ADE-5346-4595-A338-DB07D30731F9}
	EndGlobalSection
EndGlobal
