
Microsoft Visual Studio Solution File, Format Version 12.00
# Visual Studio Version 16
VisualStudioVersion = 16.0.30503.244
MinimumVisualStudioVersion = 10.0.40219.1
Project("{FAE04EC0-301F-11D3-BF4B-00C04F79EFBC}") = "Page392-AddBooks", "Page392-AddBooks\Page392-AddBooks.csproj", "{F9E74E08-B37C-4C3A-AC68-950C113FEE32}"
EndProject
Global
	GlobalSection(SolutionConfigurationPlatforms) = preSolution
		Debug|Any CPU = Debug|Any CPU
		Release|Any CPU = Release|Any CPU
	EndGlobalSection
	GlobalSection(ProjectConfigurationPlatforms) = postSolution
		{F9E74E08-B37C-4C3A-AC68-950C113FEE32}.Debug|Any CPU.ActiveCfg = Debug|Any CPU
		{F9E74E08-B37C-4C3A-AC68-950C113FEE32}.Debug|Any CPU.Build.0 = Debug|Any CPU
		{F9E74E08-B37C-4C3A-AC68-950C113FEE32}.Release|Any CPU.ActiveCfg = Release|Any CPU
		{F9E74E08-B37C-4C3A-AC68-950C113FEE32}.Release|Any CPU.Build.0 = Release|Any CPU
	EndGlobalSection
	GlobalSection(SolutionProperties) = preSolution
		HideSolutionNode = FALSE
	EndGlobalSection
	GlobalSection(ExtensibilityGlobals) = postSolution
		SolutionGuid = {8663DF14-44C2-482C-A37F-EEDB97A057AE}
	EndGlobalSection
EndGlobal
