
Microsoft Visual Studio Solution File, Format Version 12.00
# Visual Studio Version 16
VisualStudioVersion = 16.0.30907.101
MinimumVisualStudioVersion = 10.0.40219.1
Project("{FAE04EC0-301F-11D3-BF4B-00C04F79EFBC}") = "MonthNames", "MonthNames\MonthNames.csproj", "{2EB4C49E-BF96-4D43-AF5D-6C467341430E}"
EndProject
Global
	GlobalSection(SolutionConfigurationPlatforms) = preSolution
		Debug|Any CPU = Debug|Any CPU
		Release|Any CPU = Release|Any CPU
	EndGlobalSection
	GlobalSection(ProjectConfigurationPlatforms) = postSolution
		{2EB4C49E-BF96-4D43-AF5D-6C467341430E}.Debug|Any CPU.ActiveCfg = Debug|Any CPU
		{2EB4C49E-BF96-4D43-AF5D-6C467341430E}.Debug|Any CPU.Build.0 = Debug|Any CPU
		{2EB4C49E-BF96-4D43-AF5D-6C467341430E}.Release|Any CPU.ActiveCfg = Release|Any CPU
		{2EB4C49E-BF96-4D43-AF5D-6C467341430E}.Release|Any CPU.Build.0 = Release|Any CPU
	EndGlobalSection
	GlobalSection(SolutionProperties) = preSolution
		HideSolutionNode = FALSE
	EndGlobalSection
	GlobalSection(ExtensibilityGlobals) = postSolution
		SolutionGuid = {FCD35110-9DEF-44E5-A7D3-3A4520516C07}
	EndGlobalSection
EndGlobal
