
Microsoft Visual Studio Solution File, Format Version 12.00
# Visual Studio Version 16
VisualStudioVersion = 16.0.30413.136
MinimumVisualStudioVersion = 10.0.40219.1
Project("{FAE04EC0-301F-11D3-BF4B-00C04F79EFBC}") = "DebugFour4-Student", "DebugFour4-Student\DebugFour4-Student.csproj", "{DE901695-9E94-4CB1-AF07-138A3AA75D53}"
EndProject
Global
	GlobalSection(SolutionConfigurationPlatforms) = preSolution
		Debug|Any CPU = Debug|Any CPU
		Release|Any CPU = Release|Any CPU
	EndGlobalSection
	GlobalSection(ProjectConfigurationPlatforms) = postSolution
		{DE901695-9E94-4CB1-AF07-138A3AA75D53}.Debug|Any CPU.ActiveCfg = Debug|Any CPU
		{DE901695-9E94-4CB1-AF07-138A3AA75D53}.Debug|Any CPU.Build.0 = Debug|Any CPU
		{DE901695-9E94-4CB1-AF07-138A3AA75D53}.Release|Any CPU.ActiveCfg = Release|Any CPU
		{DE901695-9E94-4CB1-AF07-138A3AA75D53}.Release|Any CPU.Build.0 = Release|Any CPU
	EndGlobalSection
	GlobalSection(SolutionProperties) = preSolution
		HideSolutionNode = FALSE
	EndGlobalSection
	GlobalSection(ExtensibilityGlobals) = postSolution
		SolutionGuid = {B15FA5F0-0CE1-4DC1-BB4E-6A48113B7C84}
	EndGlobalSection
EndGlobal
