
Microsoft Visual Studio Solution File, Format Version 12.00
# Visual Studio 15
VisualStudioVersion = 15.0.27703.2035
MinimumVisualStudioVersion = 10.0.40219.1
Project("{FAE04EC0-301F-11D3-BF4B-00C04F79EFBC}") = "EmployeeReadOnlyDemo_Page384", "EmployeeReadOnlyDemo_Page384\EmployeeReadOnlyDemo_Page384.csproj", "{5B8E6B4A-538E-4698-BC12-ABFD7D4FBE74}"
EndProject
Global
	GlobalSection(SolutionConfigurationPlatforms) = preSolution
		Debug|Any CPU = Debug|Any CPU
		Release|Any CPU = Release|Any CPU
	EndGlobalSection
	GlobalSection(ProjectConfigurationPlatforms) = postSolution
		{5B8E6B4A-538E-4698-BC12-ABFD7D4FBE74}.Debug|Any CPU.ActiveCfg = Debug|Any CPU
		{5B8E6B4A-538E-4698-BC12-ABFD7D4FBE74}.Debug|Any CPU.Build.0 = Debug|Any CPU
		{5B8E6B4A-538E-4698-BC12-ABFD7D4FBE74}.Release|Any CPU.ActiveCfg = Release|Any CPU
		{5B8E6B4A-538E-4698-BC12-ABFD7D4FBE74}.Release|Any CPU.Build.0 = Release|Any CPU
	EndGlobalSection
	GlobalSection(SolutionProperties) = preSolution
		HideSolutionNode = FALSE
	EndGlobalSection
	GlobalSection(ExtensibilityGlobals) = postSolution
		SolutionGuid = {F3DF9D22-FC4B-443C-9836-F4DDE89C6FE8}
	EndGlobalSection
EndGlobal
